
Microsoft Visual Studio Solution File, Format Version 12.00
# Visual Studio Version 17
VisualStudioVersion = 17.6.33815.320
MinimumVisualStudioVersion = 10.0.40219.1
Project("{FAE04EC0-301F-11D3-BF4B-00C04F79EFBC}") = "Pigeon", "Pigeon\Pigeon.csproj", "{FDC5F1F1-A2A2-451B-A6A3-BB6E1E80E54C}"
EndProject
Global
	GlobalSection(SolutionConfigurationPlatforms) = preSolution
		Debug|Any CPU = Debug|Any CPU
		Release|Any CPU = Release|Any CPU
	EndGlobalSection
	GlobalSection(ProjectConfigurationPlatforms) = postSolution
		{FDC5F1F1-A2A2-451B-A6A3-BB6E1E80E54C}.Debug|Any CPU.ActiveCfg = Debug|Any CPU
		{FDC5F1F1-A2A2-451B-A6A3-BB6E1E80E54C}.Debug|Any CPU.Build.0 = Debug|Any CPU
		{FDC5F1F1-A2A2-451B-A6A3-BB6E1E80E54C}.Release|Any CPU.ActiveCfg = Release|Any CPU
		{FDC5F1F1-A2A2-451B-A6A3-BB6E1E80E54C}.Release|Any CPU.Build.0 = Release|Any CPU
	EndGlobalSection
	GlobalSection(SolutionProperties) = preSolution
		HideSolutionNode = FALSE
	EndGlobalSection
	GlobalSection(ExtensibilityGlobals) = postSolution
		SolutionGuid = {3A537E62-6A0E-43AB-9C85-6340879F44E2}
	EndGlobalSection
EndGlobal
